
Microsoft Visual Studio Solution File, Format Version 12.00
# Visual Studio 2015
Project("{FAE04EC0-301F-11D3-BF4B-00C04F79EFBC}") = "MMO Crowd Evacuation Game.Plugins", "MMO Crowd Evacuation Game.Plugins.csproj", "{981CBD24-FB9F-6453-5A59-B5FF5F38E44C}"
EndProject
Project("{FAE04EC0-301F-11D3-BF4B-00C04F79EFBC}") = "MMO Crowd Evacuation Game", "MMO Crowd Evacuation Game.csproj", "{EA23D445-3B68-F278-E624-9C64BE150C55}"
EndProject
Project("{FAE04EC0-301F-11D3-BF4B-00C04F79EFBC}") = "MMO Crowd Evacuation Game.Editor", "MMO Crowd Evacuation Game.Editor.csproj", "{3C8CFADD-CD60-7B04-76B5-E294F1158F11}"
EndProject
Global
	GlobalSection(SolutionConfigurationPlatforms) = preSolution
		Debug|Any CPU = Debug|Any CPU
		Release|Any CPU = Release|Any CPU
	EndGlobalSection
	GlobalSection(ProjectConfigurationPlatforms) = postSolution
		{981CBD24-FB9F-6453-5A59-B5FF5F38E44C}.Debug|Any CPU.ActiveCfg = Debug|Any CPU
		{981CBD24-FB9F-6453-5A59-B5FF5F38E44C}.Debug|Any CPU.Build.0 = Debug|Any CPU
		{981CBD24-FB9F-6453-5A59-B5FF5F38E44C}.Release|Any CPU.ActiveCfg = Release|Any CPU
		{981CBD24-FB9F-6453-5A59-B5FF5F38E44C}.Release|Any CPU.Build.0 = Release|Any CPU
		{EA23D445-3B68-F278-E624-9C64BE150C55}.Debug|Any CPU.ActiveCfg = Debug|Any CPU
		{EA23D445-3B68-F278-E624-9C64BE150C55}.Debug|Any CPU.Build.0 = Debug|Any CPU
		{EA23D445-3B68-F278-E624-9C64BE150C55}.Release|Any CPU.ActiveCfg = Release|Any CPU
		{EA23D445-3B68-F278-E624-9C64BE150C55}.Release|Any CPU.Build.0 = Release|Any CPU
		{3C8CFADD-CD60-7B04-76B5-E294F1158F11}.Debug|Any CPU.ActiveCfg = Debug|Any CPU
		{3C8CFADD-CD60-7B04-76B5-E294F1158F11}.Debug|Any CPU.Build.0 = Debug|Any CPU
		{3C8CFADD-CD60-7B04-76B5-E294F1158F11}.Release|Any CPU.ActiveCfg = Release|Any CPU
		{3C8CFADD-CD60-7B04-76B5-E294F1158F11}.Release|Any CPU.Build.0 = Release|Any CPU
	EndGlobalSection
	GlobalSection(SolutionProperties) = preSolution
		HideSolutionNode = FALSE
	EndGlobalSection
EndGlobal
